<?xml version="1.0" encoding="utf-8"?>
<Project ToolsVersion="Current" xmlns="http://schemas.microsoft.com/developer/msbuild/2003">
  <ItemGroup>
    <ClCompile Include="src\main.cpp" />
    <ClCompile Include="libs\imgui\imgui.cpp">
      <Filter>ImGui</Filter>
    </ClCompile>
    <ClCompile Include="libs\imgui\imgui_demo.cpp">
      <Filter>ImGui</Filter>
    </ClCompile>
    <ClCompile Include="libs\imgui\imgui_draw.cpp">
      <Filter>ImGui</Filter>
    </ClCompile>
    <ClCompile Include="libs\imgui\imgui_tables.cpp">
      <Filter>ImGui</Filter>
    </ClCompile>
    <ClCompile Include="libs\imgui\imgui_widgets.cpp">
      <Filter>ImGui</Filter>
    </ClCompile>
    <ClCompile Include="..\Librador_API\___librador\librador_shared_library\librador.cpp">
      <Filter>Librador</Filter>
    </ClCompile>
    <ClCompile Include="..\Librador_API\___librador\librador_shared_library\o1buffer.cpp">
      <Filter>Librador</Filter>
    </ClCompile>
    <ClCompile Include="..\Librador_API\___librador\librador_shared_library\usbcallhandler.cpp">
      <Filter>Librador</Filter>
    </ClCompile>
    <ClCompile Include="backends\imgui_impl_glfw.cpp">
      <Filter>ImGui</Filter>
    </ClCompile>
    <ClCompile Include="backends\imgui_impl_opengl3.cpp">
      <Filter>ImGui</Filter>
    </ClCompile>
    <ClCompile Include="libs\imgui\implot.cpp">
      <Filter>ImGui</Filter>
    </ClCompile>
    <ClCompile Include="libs\imgui\implot_demo.cpp">
      <Filter>ImGui</Filter>
    </ClCompile>
    <ClCompile Include="libs\imgui\implot_items.cpp">
      <Filter>ImGui</Filter>
    </ClCompile>
    <ClCompile Include="src\UIComponents.hpp" />
    <ClCompile Include="src\util.cpp" />
  </ItemGroup>
  <ItemGroup>
    <ClInclude Include="libs\imgui\imstb_truetype.h">
      <Filter>ImGui</Filter>
    </ClInclude>
    <ClInclude Include="libs\imgui\imgui.h">
      <Filter>ImGui</Filter>
    </ClInclude>
    <ClInclude Include="libs\imgui\imgui_internal.h">
      <Filter>ImGui</Filter>
    </ClInclude>
    <ClInclude Include="libs\imgui\imstb_rectpack.h">
      <Filter>ImGui</Filter>
    </ClInclude>
    <ClInclude Include="libs\imgui\imstb_textedit.h">
      <Filter>ImGui</Filter>
    </ClInclude>
    <ClInclude Include="libs\imgui\imconfig.h">
      <Filter>ImGui</Filter>
    </ClInclude>
    <ClInclude Include="..\Librador_API\___librador\librador_shared_library\librador.h">
      <Filter>Librador</Filter>
    </ClInclude>
    <ClInclude Include="..\Librador_API\___librador\librador_shared_library\o1buffer.h">
      <Filter>Librador</Filter>
    </ClInclude>
    <ClInclude Include="..\Librador_API\___librador\librador_shared_library\usbcallhandler.h">
      <Filter>Librador</Filter>
    </ClInclude>
    <ClInclude Include="backends\imgui_impl_glfw.h">
      <Filter>ImGui</Filter>
    </ClInclude>
    <ClInclude Include="backends\imgui_impl_opengl3.h">
      <Filter>ImGui</Filter>
    </ClInclude>
    <ClInclude Include="backends\imgui_impl_opengl3_loader.h">
      <Filter>ImGui</Filter>
    </ClInclude>
    <ClInclude Include="src\AppBase.hpp" />
    <ClInclude Include="libs\imgui\implot.h">
      <Filter>ImGui</Filter>
    </ClInclude>
    <ClInclude Include="libs\imgui\implot_internal.h">
      <Filter>ImGui</Filter>
    </ClInclude>
    <ClInclude Include="src\App.hpp" />
    <ClInclude Include="src\ControlWidget.hpp" />
    <ClInclude Include="src\PSUControl.hpp" />
    <ClInclude Include="src\MultimeterControl.hpp" />
    <ClInclude Include="src\OSCControl.hpp" />
    <ClInclude Include="src\SGControl.hpp" />
    <ClInclude Include="src\util.h" />
    <ClInclude Include="src\SignalType.hpp" />
  </ItemGroup>
  <ItemGroup>
    <Filter Include="ImGui">
      <UniqueIdentifier>{c8dc35f4-94b4-4ee2-82e9-0723f6ae8708}</UniqueIdentifier>
    </Filter>
    <Filter Include="Librador">
      <UniqueIdentifier>{309fc367-9cb6-4fe7-b14c-465f428dba82}</UniqueIdentifier>
    </Filter>
  </ItemGroup>
  <ItemGroup>
    <None Include="libs\imgui\.editorconfig">
      <Filter>ImGui</Filter>
    </None>
  </ItemGroup>
  <ItemGroup>
    <Text Include="README.txt" />
  </ItemGroup>
  <ItemGroup>
    <Image Include="misc\media\pinout.png" />
  </ItemGroup>
</Project>