<?xml version="1.0" encoding="utf-8"?>
<Project ToolsVersion="4.0" xmlns="http://schemas.microsoft.com/developer/msbuild/2003">
  <ItemGroup>
    <Filter Include="Source Files">
      <UniqueIdentifier>{4FC737F1-C7A5-4376-A066-2A32D752A2FF}</UniqueIdentifier>
      <Extensions>cpp;c;cc;cxx;c++;cppm;ixx;def;odl;idl;hpj;bat;asm;asmx</Extensions>
    </Filter>
    <Filter Include="Header Files">
      <UniqueIdentifier>{93995380-89BD-4b04-88EB-625FBE52EBFB}</UniqueIdentifier>
      <Extensions>h;hh;hpp;hxx;h++;hm;inl;inc;ipp;xsd</Extensions>
    </Filter>
    <Filter Include="Resource Files">
      <UniqueIdentifier>{67DA6AB6-F800-4c08-8B7A-83BB121AAD01}</UniqueIdentifier>
      <Extensions>rc;ico;cur;bmp;dlg;rc2;rct;bin;rgs;gif;jpg;jpeg;jpe;resx;tiff;tif;png;wav;mfcribbon-ms</Extensions>
    </Filter>
    <Filter Include="Librador">
      <UniqueIdentifier>{90a4f2d1-ad0a-4469-be38-4fc8a370b881}</UniqueIdentifier>
    </Filter>
    <Filter Include="libusb">
      <UniqueIdentifier>{38a21ded-20d8-433d-9045-187d80604068}</UniqueIdentifier>
    </Filter>
  </ItemGroup>
  <ItemGroup>
    <ClCompile Include="main.cpp">
      <Filter>Source Files</Filter>
    </ClCompile>
    <ClCompile Include="..\Librador_API\___librador\librador_shared_library\librador.cpp">
      <Filter>Librador</Filter>
    </ClCompile>
    <ClCompile Include="..\Librador_API\___librador\librador_shared_library\o1buffer.cpp">
      <Filter>Librador</Filter>
    </ClCompile>
    <ClCompile Include="..\Librador_API\___librador\librador_shared_library\usbcallhandler.cpp">
      <Filter>Librador</Filter>
    </ClCompile>
  </ItemGroup>
  <ItemGroup>
    <ClInclude Include="..\Librador_API\___librador\librador_shared_library\librador.h">
      <Filter>Librador</Filter>
    </ClInclude>
    <ClInclude Include="..\Librador_API\___librador\librador_shared_library\o1buffer.h">
      <Filter>Librador</Filter>
    </ClInclude>
    <ClInclude Include="..\Librador_API\___librador\librador_shared_library\usbcallhandler.h">
      <Filter>Librador</Filter>
    </ClInclude>
    <ClInclude Include="libusb\libusb.h">
      <Filter>libusb</Filter>
    </ClInclude>
  </ItemGroup>
  <ItemGroup>
    <Library Include="libusb\libusb-1.0.lib">
      <Filter>libusb</Filter>
    </Library>
  </ItemGroup>
  <ItemGroup>
    <None Include="libusb\libusb-1.0.dll">
      <Filter>libusb</Filter>
    </None>
  </ItemGroup>
</Project>